
Microsoft Visual Studio Solution File, Format Version 12.00
# Visual Studio Version 17
VisualStudioVersion = 17.5.33627.172
MinimumVisualStudioVersion = 10.0.40219.1
Project("{888888A0-9F3D-457C-B088-3A5042F75D52}") = "Multiplicaçao_de_dois_valores", "Multiplicaçao_de_dois_valores\Multiplicaçao_de_dois_valores.pyproj", "{4490CFB3-FDA0-430C-8751-5872485D0E54}"
EndProject
Global
	GlobalSection(SolutionConfigurationPlatforms) = preSolution
		Debug|Any CPU = Debug|Any CPU
		Release|Any CPU = Release|Any CPU
	EndGlobalSection
	GlobalSection(ProjectConfigurationPlatforms) = postSolution
		{4490CFB3-FDA0-430C-8751-5872485D0E54}.Debug|Any CPU.ActiveCfg = Debug|Any CPU
		{4490CFB3-FDA0-430C-8751-5872485D0E54}.Release|Any CPU.ActiveCfg = Release|Any CPU
	EndGlobalSection
	GlobalSection(SolutionProperties) = preSolution
		HideSolutionNode = FALSE
	EndGlobalSection
	GlobalSection(ExtensibilityGlobals) = postSolution
		SolutionGuid = {4DF4FDF3-C977-4706-9C91-9077E8F903BD}
	EndGlobalSection
EndGlobal
